{
    "_meta": {
        "hash": {
            "sha256": "36a5ba772e50fbb33b5478e1ab116ea9a51cb42771686cf50f5f24881a8058c3"
        },
        "pipfile-spec": 6,
        "requires": {
            "python_version": "3.12"
        },
        "sources": [
            {
                "name": "pypi",
                "url": "https://pypi.org/simple",
                "verify_ssl": true
            }
        ]
    },
    "default": {
        "npm": {
            "hashes": [
                "sha256:84aefc83a3486d034c4c14f8bcd4b746b95b529289b0d042c268f6201c3034e9"
            ],
            "index": "pypi",
            "version": "==0.1.1"
        },
        "optional-django": {
            "hashes": [
                "sha256:77d6b9fb74bda30583e1af4683a39e0af725cea6003252bba75838f4939326c5"
            ],
            "version": "==0.1.0"
        }
    },
    "develop": {}
}
